
Microsoft Visual Studio Solution File, Format Version 12.00
# Visual Studio Version 17
VisualStudioVersion = 17.3.32922.545
MinimumVisualStudioVersion = 10.0.40219.1
Project("{9A19103F-16F7-4668-BE54-9A1E7A4F7556}") = "Samplebacked_api", "Practice_Sol\Samplebacked_api.csproj", "{AC32677A-800B-4102-A7C9-625389486CD2}"
EndProject
Global
	GlobalSection(SolutionConfigurationPlatforms) = preSolution
		Debug|Any CPU = Debug|Any CPU
		Release|Any CPU = Release|Any CPU
	EndGlobalSection
	GlobalSection(ProjectConfigurationPlatforms) = postSolution
		{AC32677A-800B-4102-A7C9-625389486CD2}.Debug|Any CPU.ActiveCfg = Debug|Any CPU
		{AC32677A-800B-4102-A7C9-625389486CD2}.Debug|Any CPU.Build.0 = Debug|Any CPU
		{AC32677A-800B-4102-A7C9-625389486CD2}.Release|Any CPU.ActiveCfg = Release|Any CPU
		{AC32677A-800B-4102-A7C9-625389486CD2}.Release|Any CPU.Build.0 = Release|Any CPU
	EndGlobalSection
	GlobalSection(SolutionProperties) = preSolution
		HideSolutionNode = FALSE
	EndGlobalSection
	GlobalSection(ExtensibilityGlobals) = postSolution
		SolutionGuid = {52824BC1-518C-4981-A807-E4DAB9C0EB7E}
	EndGlobalSection
EndGlobal
